
Microsoft Visual Studio Solution File, Format Version 12.00
# Visual Studio 14
VisualStudioVersion = 14.0.25420.1
MinimumVisualStudioVersion = 10.0.40219.1
Project("{FAE04EC0-301F-11D3-BF4B-00C04F79EFBC}") = "ConsoleYON", "ConsoleYON\ConsoleYON.csproj", "{2E5D87C9-E306-4D41-B1ED-7504267C1D7F}"
EndProject
Project("{FAE04EC0-301F-11D3-BF4B-00C04F79EFBC}") = "Models", "Models\Models.csproj", "{74DD2F5A-7BE0-4404-AE16-2157074B4E38}"
EndProject
Project("{FAE04EC0-301F-11D3-BF4B-00C04F79EFBC}") = "web", "web\web.csproj", "{2B93473F-0852-4B47-A87C-15F0B2FF45CC}"
EndProject
Project("{FAE04EC0-301F-11D3-BF4B-00C04F79EFBC}") = "web.Tests", "web.Tests\web.Tests.csproj", "{7E065076-52DF-4CE5-9000-8BAB08490813}"
EndProject
Global
	GlobalSection(SolutionConfigurationPlatforms) = preSolution
		Debug|Any CPU = Debug|Any CPU
		Release|Any CPU = Release|Any CPU
	EndGlobalSection
	GlobalSection(ProjectConfigurationPlatforms) = postSolution
		{2E5D87C9-E306-4D41-B1ED-7504267C1D7F}.Debug|Any CPU.ActiveCfg = Debug|Any CPU
		{2E5D87C9-E306-4D41-B1ED-7504267C1D7F}.Debug|Any CPU.Build.0 = Debug|Any CPU
		{2E5D87C9-E306-4D41-B1ED-7504267C1D7F}.Release|Any CPU.ActiveCfg = Release|Any CPU
		{2E5D87C9-E306-4D41-B1ED-7504267C1D7F}.Release|Any CPU.Build.0 = Release|Any CPU
		{74DD2F5A-7BE0-4404-AE16-2157074B4E38}.Debug|Any CPU.ActiveCfg = Debug|Any CPU
		{74DD2F5A-7BE0-4404-AE16-2157074B4E38}.Debug|Any CPU.Build.0 = Debug|Any CPU
		{74DD2F5A-7BE0-4404-AE16-2157074B4E38}.Release|Any CPU.ActiveCfg = Release|Any CPU
		{74DD2F5A-7BE0-4404-AE16-2157074B4E38}.Release|Any CPU.Build.0 = Release|Any CPU
		{2B93473F-0852-4B47-A87C-15F0B2FF45CC}.Debug|Any CPU.ActiveCfg = Debug|Any CPU
		{2B93473F-0852-4B47-A87C-15F0B2FF45CC}.Debug|Any CPU.Build.0 = Debug|Any CPU
		{2B93473F-0852-4B47-A87C-15F0B2FF45CC}.Release|Any CPU.ActiveCfg = Release|Any CPU
		{2B93473F-0852-4B47-A87C-15F0B2FF45CC}.Release|Any CPU.Build.0 = Release|Any CPU
		{7E065076-52DF-4CE5-9000-8BAB08490813}.Debug|Any CPU.ActiveCfg = Debug|Any CPU
		{7E065076-52DF-4CE5-9000-8BAB08490813}.Debug|Any CPU.Build.0 = Debug|Any CPU
		{7E065076-52DF-4CE5-9000-8BAB08490813}.Release|Any CPU.ActiveCfg = Release|Any CPU
		{7E065076-52DF-4CE5-9000-8BAB08490813}.Release|Any CPU.Build.0 = Release|Any CPU
	EndGlobalSection
	GlobalSection(SolutionProperties) = preSolution
		HideSolutionNode = FALSE
	EndGlobalSection
EndGlobal
